// !$*UTF8*$!
{
	archiveVersion = 1;
	classes = {
	};
	objectVersion = 46;
	objects = {

/* Begin PBXBuildFile section */
		432584521DB0F6A20020BCB7 /* AppDelegate.swift in Sources */ = {isa = PBXBuildFile; fileRef = 432584511DB0F6A20020BCB7 /* AppDelegate.swift */; };
		432584541DB0F6A20020BCB7 /* ViewController.swift in Sources */ = {isa = PBXBuildFile; fileRef = 432584531DB0F6A20020BCB7 /* ViewController.swift */; };
		432584571DB0F6A20020BCB7 /* Main.storyboard in Resources */ = {isa = PBXBuildFile; fileRef = 432584551DB0F6A20020BCB7 /* Main.storyboard */; };
		432584591DB0F6A20020BCB7 /* Assets.xcassets in Resources */ = {isa = PBXBuildFile; fileRef = 432584581DB0F6A20020BCB7 /* Assets.xcassets */; };
		4325845C1DB0F6A20020BCB7 /* LaunchScreen.storyboard in Resources */ = {isa = PBXBuildFile; fileRef = 4325845A1DB0F6A20020BCB7 /* LaunchScreen.storyboard */; };
/* End PBXBuildFile section */

/* Begin PBXFileReference section */
		4325844E1DB0F6A20020BCB7 /* SpeedTestFromStackOverFlow.app */ = {isa = PBXFileReference; explicitFileType = wrapper.application; includeInIndex = 0; path = SpeedTestFromStackOverFlow.app; sourceTree = BUILT_PRODUCTS_DIR; };
		432584511DB0F6A20020BCB7 /* AppDelegate.swift */ = {isa = PBXFileReference; lastKnownFileType = sourcecode.swift; path = AppDelegate.swift; sourceTree = "<group>"; };
		432584531DB0F6A20020BCB7 /* ViewController.swift */ = {isa = PBXFileReference; lastKnownFileType = sourcecode.swift; path = ViewController.swift; sourceTree = "<group>"; };
		432584561DB0F6A20020BCB7 /* Base */ = {isa = PBXFileReference; lastKnownFileType = file.storyboard; name = Base; path = Base.lproj/Main.storyboard; sourceTree = "<group>"; };
		432584581DB0F6A20020BCB7 /* Assets.xcassets */ = {isa = PBXFileReference; lastKnownFileType = folder.assetcatalog; path = Assets.xcassets; sourceTree = "<group>"; };
		4325845B1DB0F6A20020BCB7 /* Base */ = {isa = PBXFileReference; lastKnownFileType = file.storyboard; name = Base; path = Base.lproj/LaunchScreen.storyboard; sourceTree = "<group>"; };
		4325845D1DB0F6A20020BCB7 /* Info.plist */ = {isa = PBXFileReference; lastKnownFileType = text.plist.xml; path = Info.plist; sourceTree = "<group>"; };
/* End PBXFileReference section */

/* Begin PBXFrameworksBuildPhase section */
		4325844B1DB0F6A20020BCB7 /* Frameworks */ = {
			isa = PBXFrameworksBuildPhase;
			buildActionMask = 2147483647;
			files = (
			);
			runOnlyForDeploymentPostprocessing = 0;
		};
/* End PBXFrameworksBuildPhase section */

/* Begin PBXGroup section */
		432584451DB0F6A20020BCB7 = {
			isa = PBXGroup;
			children = (
				432584501DB0F6A20020BCB7 /* SpeedTestFromStackOverFlow */,
				4325844F1DB0F6A20020BCB7 /* Products */,
			);
			sourceTree = "<group>";
		};
		4325844F1DB0F6A20020BCB7 /* Products */ = {
			isa = PBXGroup;
			children = (
				4325844E1DB0F6A20020BCB7 /* SpeedTestFromStackOverFlow.app */,
			);
			name = Products;
			sourceTree = "<group>";
		};
		432584501DB0F6A20020BCB7 /* SpeedTestFromStackOverFlow */ = {
			isa = PBXGroup;
			children = (
				432584511DB0F6A20020BCB7 /* AppDelegate.swift */,
				432584531DB0F6A20020BCB7 /* ViewController.swift */,
				432584551DB0F6A20020BCB7 /* Main.storyboard */,
				432584581DB0F6A20020BCB7 /* Assets.xcassets */,
				4325845A1DB0F6A20020BCB7 /* LaunchScreen.storyboard */,
				4325845D1DB0F6A20020BCB7 /* Info.plist */,
			);
			path = SpeedTestFromStackOverFlow;
			sourceTree = "<group>";
		};
/* End PBXGroup section */

/* Begin PBXNativeTarget section */
		4325844D1DB0F6A20020BCB7 /* SpeedTestFromStackOverFlow */ = {
			isa = PBXNativeTarget;
			buildConfigurationList = 432584601DB0F6A20020BCB7 /* Build configuration list for PBXNativeTarget "SpeedTestFromStackOverFlow" */;
			buildPhases = (
				4325844A1DB0F6A20020BCB7 /* Sources */,
				4325844B1DB0F6A20020BCB7 /* Frameworks */,
				4325844C1DB0F6A20020BCB7 /* Resources */,
			);
			buildRules = (
			);
			dependencies = (
			);
			name = SpeedTestFromStackOverFlow;
			productName = SpeedTestFromStackOverFlow;
			productReference = 4325844E1DB0F6A20020BCB7 /* SpeedTestFromStackOverFlow.app */;
			productType = "com.apple.product-type.application";
		};
/* End PBXNativeTarget section */

/* Begin PBXProject section */
		432584461DB0F6A20020BCB7 /* Project object */ = {
			isa = PBXProject;
			attributes = {
				LastSwiftUpdateCheck = 0800;
				LastUpgradeCheck = 0800;
				ORGANIZATIONNAME = "Patrick Cooke";
				TargetAttributes = {
					4325844D1DB0F6A20020BCB7 = {
						CreatedOnToolsVersion = 8.0;
						DevelopmentTeam = 6L9J2XXKYC;
						ProvisioningStyle = Automatic;
					};
				};
			};
			buildConfigurationList = 432584491DB0F6A20020BCB7 /* Build configuration list for PBXProject "SpeedTestFromStackOverFlow" */;
			compatibilityVersion = "Xcode 3.2";
			developmentRegion = English;
			hasScannedForEncodings = 0;
			knownRegions = (
				en,
				Base,
			);
			mainGroup = 432584451DB0F6A20020BCB7;
			productRefGroup = 4325844F1DB0F6A20020BCB7 /* Products */;
			projectDirPath = "";
			projectRoot = "";
			targets = (
				4325844D1DB0F6A20020BCB7 /* SpeedTestFromStackOverFlow */,
			);
		};
/* End PBXProject section */

/* Begin PBXResourcesBuildPhase section */
		4325844C1DB0F6A20020BCB7 /* Resources */ = {
			isa = PBXResourcesBuildPhase;
			buildActionMask = 2147483647;
			files = (
				4325845C1DB0F6A20020BCB7 /* LaunchScreen.storyboard in Resources */,
				432584591DB0F6A20020BCB7 /* Assets.xcassets in Resources */,
				432584571DB0F6A20020BCB7 /* Main.storyboard in Resources */,
			);
			runOnlyForDeploymentPostprocessing = 0;
		};
/* End PBXResourcesBuildPhase section */

/* Begin PBXSourcesBuildPhase section */
		4325844A1DB0F6A20020BCB7 /* Sources */ = {
			isa = PBXSourcesBuildPhase;
			buildActionMask = 2147483647;
			files = (
				432584541DB0F6A20020BCB7 /* ViewController.swift in Sources */,
				432584521DB0F6A20020BCB7 /* AppDelegate.swift in Sources */,
			);
			runOnlyForDeploymentPostprocessing = 0;
		};
/* End PBXSourcesBuildPhase section */

/* Begin PBXVariantGroup section */
		432584551DB0F6A20020BCB7 /* Main.storyboard */ = {
			isa = PBXVariantGroup;
			children = (
				432584561DB0F6A20020BCB7 /* Base */,
			);
			name = Main.storyboard;
			sourceTree = "<group>";
		};
		4325845A1DB0F6A20020BCB7 /* LaunchScreen.storyboard */ = {
			isa = PBXVariantGroup;
			children = (
				4325845B1DB0F6A20020BCB7 /* Base */,
			);
			name = LaunchScreen.storyboard;
			sourceTree = "<group>";
		};
/* End PBXVariantGroup section */

/* Begin XCBuildConfiguration section */
		4325845E1DB0F6A20020BCB7 /* Debug */ = {
			isa = XCBuildConfiguration;
			buildSettings = {
				ALWAYS_SEARCH_USER_PATHS = NO;
				CLANG_ANALYZER_NONNULL = YES;
				CLANG_CXX_LANGUAGE_STANDARD = "gnu++0x";
				CLANG_CXX_LIBRARY = "libc++";
				CLANG_ENABLE_MODULES = YES;
				CLANG_ENABLE_OBJC_ARC = YES;
				CLANG_WARN_BOOL_CONVERSION = YES;
				CLANG_WARN_CONSTANT_CONVERSION = YES;
				CLANG_WARN_DIRECT_OBJC_ISA_USAGE = YES_ERROR;
				CLANG_WARN_DOCUMENTATION_COMMENTS = YES;
				CLANG_WARN_EMPTY_BODY = YES;
				CLANG_WARN_ENUM_CONVERSION = YES;
				CLANG_WARN_INFINITE_RECURSION = YES;
				CLANG_WARN_INT_CONVERSION = YES;
				CLANG_WARN_OBJC_ROOT_CLASS = YES_ERROR;
				CLANG_WARN_SUSPICIOUS_MOVES = YES;
				CLANG_WARN_UNREACHABLE_CODE = YES;
				CLANG_WARN__DUPLICATE_METHOD_MATCH = YES;
				"CODE_SIGN_IDENTITY[sdk=iphoneos*]" = "iPhone Developer";
				COPY_PHASE_STRIP = NO;
				DEBUG_INFORMATION_FORMAT = dwarf;
				ENABLE_STRICT_OBJC_MSGSEND = YES;
				ENABLE_TESTABILITY = YES;
				GCC_C_LANGUAGE_STANDARD = gnu99;
				GCC_DYNAMIC_NO_PIC = NO;
				GCC_NO_COMMON_BLOCKS = YES;
				GCC_OPTIMIZATION_LEVEL = 0;
				GCC_PREPROCESSOR_DEFINITIONS = (
					"DEBUG=1",
					"$(inherited)",
				);
				GCC_WARN_64_TO_32_BIT_CONVERSION = YES;
				GCC_WARN_ABOUT_RETURN_TYPE = YES_ERROR;
				GCC_WARN_UNDECLARED_SELECTOR = YES;
				GCC_WARN_UNINITIALIZED_AUTOS = YES_AGGRESSIVE;
				GCC_WARN_UNUSED_FUNCTION = YES;
				GCC_WARN_UNUSED_VARIABLE = YES;
				IPHONEOS_DEPLOYMENT_TARGET = 10.0;
				MTL_ENABLE_DEBUG_INFO = YES;
				ONLY_ACTIVE_ARCH = YES;
				SDKROOT = iphoneos;
				SWIFT_ACTIVE_COMPILATION_CONDITIONS = DEBUG;
				SWIFT_OPTIMIZATION_LEVEL = "-Onone";
				TARGETED_DEVICE_FAMILY = "1,2";
			};
			name = Debug;
		};
		4325845F1DB0F6A20020BCB7 /* Release */ = {
			isa = XCBuildConfiguration;
			buildSettings = {
				ALWAYS_SEARCH_USER_PATHS = NO;
				CLANG_ANALYZER_NONNULL = YES;
				CLANG_CXX_LANGUAGE_STANDARD = "gnu++0x";
				CLANG_CXX_LIBRARY = "libc++";
				CLANG_ENABLE_MODULES = YES;
				CLANG_ENABLE_OBJC_ARC = YES;
				CLANG_WARN_BOOL_CONVERSION = YES;
				CLANG_WARN_CONSTANT_CONVERSION = YES;
				CLANG_WARN_DIRECT_OBJC_ISA_USAGE = YES_ERROR;
				CLANG_WARN_DOCUMENTATION_COMMENTS = YES;
				CLANG_WARN_EMPTY_BODY = YES;
				CLANG_WARN_ENUM_CONVERSION = YES;
				CLANG_WARN_INFINITE_RECURSION = YES;
				CLANG_WARN_INT_CONVERSION = YES;
				CLANG_WARN_OBJC_ROOT_CLASS = YES_ERROR;
				CLANG_WARN_SUSPICIOUS_MOVES = YES;
				CLANG_WARN_UNREACHABLE_CODE = YES;
				CLANG_WARN__DUPLICATE_METHOD_MATCH = YES;
				"CODE_SIGN_IDENTITY[sdk=iphoneos*]" = "iPhone Developer";
				COPY_PHASE_STRIP = NO;
				DEBUG_INFORMATION_FORMAT = "dwarf-with-dsym";
				ENABLE_NS_ASSERTIONS = NO;
				ENABLE_STRICT_OBJC_MSGSEND = YES;
				GCC_C_LANGUAGE_STANDARD = gnu99;
				GCC_NO_COMMON_BLOCKS = YES;
				GCC_WARN_64_TO_32_BIT_CONVERSION = YES;
				GCC_WARN_ABOUT_RETURN_TYPE = YES_ERROR;
				GCC_WARN_UNDECLARED_SELECTOR = YES;
				GCC_WARN_UNINITIALIZED_AUTOS = YES_AGGRESSIVE;
				GCC_WARN_UNUSED_FUNCTION = YES;
				GCC_WARN_UNUSED_VARIABLE = YES;
				IPHONEOS_DEPLOYMENT_TARGET = 10.0;
				MTL_ENABLE_DEBUG_INFO = NO;
				SDKROOT = iphoneos;
				SWIFT_OPTIMIZATION_LEVEL = "-Owholemodule";
				TARGETED_DEVICE_FAMILY = "1,2";
				VALIDATE_PRODUCT = YES;
			};
			name = Release;
		};
		432584611DB0F6A20020BCB7 /* Debug */ = {
			isa = XCBuildConfiguration;
			buildSettings = {
				ASSETCATALOG_COMPILER_APPICON_NAME = AppIcon;
				DEVELOPMENT_TEAM = 6L9J2XXKYC;
				INFOPLIST_FILE = SpeedTestFromStackOverFlow/Info.plist;
				LD_RUNPATH_SEARCH_PATHS = "$(inherited) @executable_path/Frameworks";
				PRODUCT_BUNDLE_IDENTIFIER = com.appsbypat.SpeedTestFromStackOverFlow;
				PRODUCT_NAME = "$(TARGET_NAME)";
				SWIFT_VERSION = 3.0;
			};
			name = Debug;
		};
		432584621DB0F6A20020BCB7 /* Release */ = {
			isa = XCBuildConfiguration;
			buildSettings = {
				ASSETCATALOG_COMPILER_APPICON_NAME = AppIcon;
				DEVELOPMENT_TEAM = 6L9J2XXKYC;
				INFOPLIST_FILE = SpeedTestFromStackOverFlow/Info.plist;
				LD_RUNPATH_SEARCH_PATHS = "$(inherited) @executable_path/Frameworks";
				PRODUCT_BUNDLE_IDENTIFIER = com.appsbypat.SpeedTestFromStackOverFlow;
				PRODUCT_NAME = "$(TARGET_NAME)";
				SWIFT_VERSION = 3.0;
			};
			name = Release;
		};
/* End XCBuildConfiguration section */

/* Begin XCConfigurationList section */
		432584491DB0F6A20020BCB7 /* Build configuration list for PBXProject "SpeedTestFromStackOverFlow" */ = {
			isa = XCConfigurationList;
			buildConfigurations = (
				4325845E1DB0F6A20020BCB7 /* Debug */,
				4325845F1DB0F6A20020BCB7 /* Release */,
			);
			defaultConfigurationIsVisible = 0;
			defaultConfigurationName = Release;
		};
		432584601DB0F6A20020BCB7 /* Build configuration list for PBXNativeTarget "SpeedTestFromStackOverFlow" */ = {
			isa = XCConfigurationList;
			buildConfigurations = (
				432584611DB0F6A20020BCB7 /* Debug */,
				432584621DB0F6A20020BCB7 /* Release */,
			);
			defaultConfigurationIsVisible = 0;
		};
/* End XCConfigurationList section */
	};
	rootObject = 432584461DB0F6A20020BCB7 /* Project object */;
}
