// !$*UTF8*$!
{
	archiveVersion = 1;
	classes = {
	};
	objectVersion = 46;
	objects = {

/* Begin PBXBuildFile section */
		432584641DB0F9400020BCB7 /* reachability.swift in Sources */ = {isa = PBXBuildFile; fileRef = 432584631DB0F9400020BCB7 /* reachability.swift */; };
		432584661DBD27880020BCB7 /* UIColors.swift in Sources */ = {isa = PBXBuildFile; fileRef = 432584651DBD27880020BCB7 /* UIColors.swift */; };
		435CDCDE1DAC5BC200AD2411 /* roundedCornerView.swift in Sources */ = {isa = PBXBuildFile; fileRef = 435CDCDD1DAC5BC200AD2411 /* roundedCornerView.swift */; };
		435CDCE01DAD0DC900AD2411 /* roundedCornerMap.swift in Sources */ = {isa = PBXBuildFile; fileRef = 435CDCDF1DAD0DC900AD2411 /* roundedCornerMap.swift */; };
		43722BFE1D7F66980095672A /* AppDelegate.swift in Sources */ = {isa = PBXBuildFile; fileRef = 43722BFD1D7F66980095672A /* AppDelegate.swift */; };
		43722C001D7F66980095672A /* ViewController.swift in Sources */ = {isa = PBXBuildFile; fileRef = 43722BFF1D7F66980095672A /* ViewController.swift */; };
		43722C031D7F66980095672A /* Main.storyboard in Resources */ = {isa = PBXBuildFile; fileRef = 43722C011D7F66980095672A /* Main.storyboard */; };
		43722C051D7F66980095672A /* Assets.xcassets in Resources */ = {isa = PBXBuildFile; fileRef = 43722C041D7F66980095672A /* Assets.xcassets */; };
		43722C081D7F66980095672A /* LaunchScreen.storyboard in Resources */ = {isa = PBXBuildFile; fileRef = 43722C061D7F66980095672A /* LaunchScreen.storyboard */; };
		43722C101D7F66D80095672A /* HotSpot.swift in Sources */ = {isa = PBXBuildFile; fileRef = 43722C0F1D7F66D80095672A /* HotSpot.swift */; };
		43722C131D80D6DF0095672A /* NewHotSpotVC.swift in Sources */ = {isa = PBXBuildFile; fileRef = 43722C121D80D6DF0095672A /* NewHotSpotVC.swift */; };
		43722C151D80E0740095672A /* LocationManager.swift in Sources */ = {isa = PBXBuildFile; fileRef = 43722C141D80E0740095672A /* LocationManager.swift */; };
		43722C171D82093B0095672A /* MapViewController.swift in Sources */ = {isa = PBXBuildFile; fileRef = 43722C161D82093B0095672A /* MapViewController.swift */; };
		43722C191D820C010095672A /* DataManager.swift in Sources */ = {isa = PBXBuildFile; fileRef = 43722C181D820C010095672A /* DataManager.swift */; };
		43722C221D8CCC340095672A /* wifiPin.swift in Sources */ = {isa = PBXBuildFile; fileRef = 43722C211D8CCC340095672A /* wifiPin.swift */; };
		43C2A1501DDFC2F300CC5A62 /* wifiTableCell.swift in Sources */ = {isa = PBXBuildFile; fileRef = 43C2A14F1DDFC2F300CC5A62 /* wifiTableCell.swift */; };
		EFA6BA48EB3C222D30F96920 /* Pods_HotSpotSpeed.framework in Frameworks */ = {isa = PBXBuildFile; fileRef = 0F8892408EA1FC986800B0DA /* Pods_HotSpotSpeed.framework */; };
/* End PBXBuildFile section */

/* Begin PBXFileReference section */
		0F8892408EA1FC986800B0DA /* Pods_HotSpotSpeed.framework */ = {isa = PBXFileReference; explicitFileType = wrapper.framework; includeInIndex = 0; path = Pods_HotSpotSpeed.framework; sourceTree = BUILT_PRODUCTS_DIR; };
		432584631DB0F9400020BCB7 /* reachability.swift */ = {isa = PBXFileReference; fileEncoding = 4; lastKnownFileType = sourcecode.swift; name = reachability.swift; path = ../reachability.swift; sourceTree = "<group>"; };
		432584651DBD27880020BCB7 /* UIColors.swift */ = {isa = PBXFileReference; fileEncoding = 4; lastKnownFileType = sourcecode.swift; path = UIColors.swift; sourceTree = "<group>"; };
		435CDCDD1DAC5BC200AD2411 /* roundedCornerView.swift */ = {isa = PBXFileReference; fileEncoding = 4; lastKnownFileType = sourcecode.swift; path = roundedCornerView.swift; sourceTree = "<group>"; };
		435CDCDF1DAD0DC900AD2411 /* roundedCornerMap.swift */ = {isa = PBXFileReference; fileEncoding = 4; lastKnownFileType = sourcecode.swift; path = roundedCornerMap.swift; sourceTree = "<group>"; };
		43722BFA1D7F66980095672A /* HotSpotSpeed.app */ = {isa = PBXFileReference; explicitFileType = wrapper.application; includeInIndex = 0; path = HotSpotSpeed.app; sourceTree = BUILT_PRODUCTS_DIR; };
		43722BFD1D7F66980095672A /* AppDelegate.swift */ = {isa = PBXFileReference; lastKnownFileType = sourcecode.swift; path = AppDelegate.swift; sourceTree = "<group>"; };
		43722BFF1D7F66980095672A /* ViewController.swift */ = {isa = PBXFileReference; lastKnownFileType = sourcecode.swift; path = ViewController.swift; sourceTree = "<group>"; };
		43722C021D7F66980095672A /* Base */ = {isa = PBXFileReference; lastKnownFileType = file.storyboard; name = Base; path = Base.lproj/Main.storyboard; sourceTree = "<group>"; };
		43722C041D7F66980095672A /* Assets.xcassets */ = {isa = PBXFileReference; lastKnownFileType = folder.assetcatalog; path = Assets.xcassets; sourceTree = "<group>"; };
		43722C071D7F66980095672A /* Base */ = {isa = PBXFileReference; lastKnownFileType = file.storyboard; name = Base; path = Base.lproj/LaunchScreen.storyboard; sourceTree = "<group>"; };
		43722C091D7F66980095672A /* Info.plist */ = {isa = PBXFileReference; lastKnownFileType = text.plist.xml; path = Info.plist; sourceTree = "<group>"; };
		43722C0F1D7F66D80095672A /* HotSpot.swift */ = {isa = PBXFileReference; fileEncoding = 4; lastKnownFileType = sourcecode.swift; path = HotSpot.swift; sourceTree = "<group>"; };
		43722C121D80D6DF0095672A /* NewHotSpotVC.swift */ = {isa = PBXFileReference; fileEncoding = 4; lastKnownFileType = sourcecode.swift; path = NewHotSpotVC.swift; sourceTree = "<group>"; };
		43722C141D80E0740095672A /* LocationManager.swift */ = {isa = PBXFileReference; fileEncoding = 4; lastKnownFileType = sourcecode.swift; path = LocationManager.swift; sourceTree = "<group>"; };
		43722C161D82093B0095672A /* MapViewController.swift */ = {isa = PBXFileReference; fileEncoding = 4; lastKnownFileType = sourcecode.swift; path = MapViewController.swift; sourceTree = "<group>"; };
		43722C181D820C010095672A /* DataManager.swift */ = {isa = PBXFileReference; fileEncoding = 4; lastKnownFileType = sourcecode.swift; path = DataManager.swift; sourceTree = "<group>"; };
		43722C211D8CCC340095672A /* wifiPin.swift */ = {isa = PBXFileReference; fileEncoding = 4; lastKnownFileType = sourcecode.swift; path = wifiPin.swift; sourceTree = "<group>"; };
		43C2A14F1DDFC2F300CC5A62 /* wifiTableCell.swift */ = {isa = PBXFileReference; fileEncoding = 4; lastKnownFileType = sourcecode.swift; path = wifiTableCell.swift; sourceTree = "<group>"; };
		771AE0734FAD060A1B0FBC46 /* Pods-HotSpotSpeed.release.xcconfig */ = {isa = PBXFileReference; includeInIndex = 1; lastKnownFileType = text.xcconfig; name = "Pods-HotSpotSpeed.release.xcconfig"; path = "Pods/Target Support Files/Pods-HotSpotSpeed/Pods-HotSpotSpeed.release.xcconfig"; sourceTree = "<group>"; };
		BC68CDA26FF4483C3841A46B /* Pods-HotSpotSpeed.debug.xcconfig */ = {isa = PBXFileReference; includeInIndex = 1; lastKnownFileType = text.xcconfig; name = "Pods-HotSpotSpeed.debug.xcconfig"; path = "Pods/Target Support Files/Pods-HotSpotSpeed/Pods-HotSpotSpeed.debug.xcconfig"; sourceTree = "<group>"; };
/* End PBXFileReference section */

/* Begin PBXFrameworksBuildPhase section */
		43722BF71D7F66980095672A /* Frameworks */ = {
			isa = PBXFrameworksBuildPhase;
			buildActionMask = 2147483647;
			files = (
				EFA6BA48EB3C222D30F96920 /* Pods_HotSpotSpeed.framework in Frameworks */,
			);
			runOnlyForDeploymentPostprocessing = 0;
		};
/* End PBXFrameworksBuildPhase section */

/* Begin PBXGroup section */
		0BCD7E13DD371013EEFFDA69 /* Frameworks */ = {
			isa = PBXGroup;
			children = (
				0F8892408EA1FC986800B0DA /* Pods_HotSpotSpeed.framework */,
			);
			name = Frameworks;
			sourceTree = "<group>";
		};
		43722BF11D7F66980095672A = {
			isa = PBXGroup;
			children = (
				43722BFC1D7F66980095672A /* HotSpotSpeed */,
				43722BFB1D7F66980095672A /* Products */,
				9C063BA76F526CFBE1D570C0 /* Pods */,
				0BCD7E13DD371013EEFFDA69 /* Frameworks */,
			);
			sourceTree = "<group>";
		};
		43722BFB1D7F66980095672A /* Products */ = {
			isa = PBXGroup;
			children = (
				43722BFA1D7F66980095672A /* HotSpotSpeed.app */,
			);
			name = Products;
			sourceTree = "<group>";
		};
		43722BFC1D7F66980095672A /* HotSpotSpeed */ = {
			isa = PBXGroup;
			children = (
				43C2A14D1DDFBFBD00CC5A62 /* View Controllers */,
				43722C1A1D820D870095672A /* Singletons */,
				43722C111D7F67630095672A /* Model */,
				43722C011D7F66980095672A /* Main.storyboard */,
				43C2A14E1DDFBFC900CC5A62 /* Helpers */,
				43722C041D7F66980095672A /* Assets.xcassets */,
				43722C061D7F66980095672A /* LaunchScreen.storyboard */,
				43722C091D7F66980095672A /* Info.plist */,
			);
			path = HotSpotSpeed;
			sourceTree = "<group>";
		};
		43722C111D7F67630095672A /* Model */ = {
			isa = PBXGroup;
			children = (
				43722C211D8CCC340095672A /* wifiPin.swift */,
				43C2A14F1DDFC2F300CC5A62 /* wifiTableCell.swift */,
				43722C0F1D7F66D80095672A /* HotSpot.swift */,
			);
			name = Model;
			sourceTree = "<group>";
		};
		43722C1A1D820D870095672A /* Singletons */ = {
			isa = PBXGroup;
			children = (
				43722BFD1D7F66980095672A /* AppDelegate.swift */,
				43722C141D80E0740095672A /* LocationManager.swift */,
				43722C181D820C010095672A /* DataManager.swift */,
			);
			name = Singletons;
			sourceTree = "<group>";
		};
		43C2A14D1DDFBFBD00CC5A62 /* View Controllers */ = {
			isa = PBXGroup;
			children = (
				43722BFF1D7F66980095672A /* ViewController.swift */,
				43722C161D82093B0095672A /* MapViewController.swift */,
				43722C121D80D6DF0095672A /* NewHotSpotVC.swift */,
			);
			name = "View Controllers";
			sourceTree = "<group>";
		};
		43C2A14E1DDFBFC900CC5A62 /* Helpers */ = {
			isa = PBXGroup;
			children = (
				432584631DB0F9400020BCB7 /* reachability.swift */,
				435CDCDF1DAD0DC900AD2411 /* roundedCornerMap.swift */,
				432584651DBD27880020BCB7 /* UIColors.swift */,
				435CDCDD1DAC5BC200AD2411 /* roundedCornerView.swift */,
			);
			name = Helpers;
			sourceTree = "<group>";
		};
		9C063BA76F526CFBE1D570C0 /* Pods */ = {
			isa = PBXGroup;
			children = (
				BC68CDA26FF4483C3841A46B /* Pods-HotSpotSpeed.debug.xcconfig */,
				771AE0734FAD060A1B0FBC46 /* Pods-HotSpotSpeed.release.xcconfig */,
			);
			name = Pods;
			sourceTree = "<group>";
		};
/* End PBXGroup section */

/* Begin PBXNativeTarget section */
		43722BF91D7F66980095672A /* HotSpotSpeed */ = {
			isa = PBXNativeTarget;
			buildConfigurationList = 43722C0C1D7F66980095672A /* Build configuration list for PBXNativeTarget "HotSpotSpeed" */;
			buildPhases = (
				A12077157A8F9EC48D9B39CA /* 📦 Check Pods Manifest.lock */,
				43722BF61D7F66980095672A /* Sources */,
				43722BF71D7F66980095672A /* Frameworks */,
				43722BF81D7F66980095672A /* Resources */,
				E84D7E024F88BEA20551FD37 /* 📦 Embed Pods Frameworks */,
				9D0D47FA48634ECD7F770E7D /* 📦 Copy Pods Resources */,
			);
			buildRules = (
			);
			dependencies = (
			);
			name = HotSpotSpeed;
			productName = HotSpotSpeed;
			productReference = 43722BFA1D7F66980095672A /* HotSpotSpeed.app */;
			productType = "com.apple.product-type.application";
		};
/* End PBXNativeTarget section */

/* Begin PBXProject section */
		43722BF21D7F66980095672A /* Project object */ = {
			isa = PBXProject;
			attributes = {
				LastSwiftUpdateCheck = 0730;
				LastUpgradeCheck = 0800;
				ORGANIZATIONNAME = "Patrick Cooke";
				TargetAttributes = {
					43722BF91D7F66980095672A = {
						CreatedOnToolsVersion = 7.3;
						DevelopmentTeam = 6L9J2XXKYC;
						LastSwiftMigration = 0800;
					};
				};
			};
			buildConfigurationList = 43722BF51D7F66980095672A /* Build configuration list for PBXProject "HotSpotSpeed" */;
			compatibilityVersion = "Xcode 3.2";
			developmentRegion = English;
			hasScannedForEncodings = 0;
			knownRegions = (
				en,
				Base,
			);
			mainGroup = 43722BF11D7F66980095672A;
			productRefGroup = 43722BFB1D7F66980095672A /* Products */;
			projectDirPath = "";
			projectRoot = "";
			targets = (
				43722BF91D7F66980095672A /* HotSpotSpeed */,
			);
		};
/* End PBXProject section */

/* Begin PBXResourcesBuildPhase section */
		43722BF81D7F66980095672A /* Resources */ = {
			isa = PBXResourcesBuildPhase;
			buildActionMask = 2147483647;
			files = (
				43722C081D7F66980095672A /* LaunchScreen.storyboard in Resources */,
				43722C051D7F66980095672A /* Assets.xcassets in Resources */,
				43722C031D7F66980095672A /* Main.storyboard in Resources */,
			);
			runOnlyForDeploymentPostprocessing = 0;
		};
/* End PBXResourcesBuildPhase section */

/* Begin PBXShellScriptBuildPhase section */
		9D0D47FA48634ECD7F770E7D /* 📦 Copy Pods Resources */ = {
			isa = PBXShellScriptBuildPhase;
			buildActionMask = 2147483647;
			files = (
			);
			inputPaths = (
			);
			name = "📦 Copy Pods Resources";
			outputPaths = (
			);
			runOnlyForDeploymentPostprocessing = 0;
			shellPath = /bin/sh;
			shellScript = "\"${SRCROOT}/Pods/Target Support Files/Pods-HotSpotSpeed/Pods-HotSpotSpeed-resources.sh\"\n";
			showEnvVarsInLog = 0;
		};
		A12077157A8F9EC48D9B39CA /* 📦 Check Pods Manifest.lock */ = {
			isa = PBXShellScriptBuildPhase;
			buildActionMask = 2147483647;
			files = (
			);
			inputPaths = (
			);
			name = "📦 Check Pods Manifest.lock";
			outputPaths = (
			);
			runOnlyForDeploymentPostprocessing = 0;
			shellPath = /bin/sh;
			shellScript = "diff \"${PODS_ROOT}/../Podfile.lock\" \"${PODS_ROOT}/Manifest.lock\" > /dev/null\nif [[ $? != 0 ]] ; then\n    cat << EOM\nerror: The sandbox is not in sync with the Podfile.lock. Run 'pod install' or update your CocoaPods installation.\nEOM\n    exit 1\nfi\n";
			showEnvVarsInLog = 0;
		};
		E84D7E024F88BEA20551FD37 /* 📦 Embed Pods Frameworks */ = {
			isa = PBXShellScriptBuildPhase;
			buildActionMask = 2147483647;
			files = (
			);
			inputPaths = (
			);
			name = "📦 Embed Pods Frameworks";
			outputPaths = (
			);
			runOnlyForDeploymentPostprocessing = 0;
			shellPath = /bin/sh;
			shellScript = "\"${SRCROOT}/Pods/Target Support Files/Pods-HotSpotSpeed/Pods-HotSpotSpeed-frameworks.sh\"\n";
			showEnvVarsInLog = 0;
		};
/* End PBXShellScriptBuildPhase section */

/* Begin PBXSourcesBuildPhase section */
		43722BF61D7F66980095672A /* Sources */ = {
			isa = PBXSourcesBuildPhase;
			buildActionMask = 2147483647;
			files = (
				435CDCDE1DAC5BC200AD2411 /* roundedCornerView.swift in Sources */,
				43722C001D7F66980095672A /* ViewController.swift in Sources */,
				43722C171D82093B0095672A /* MapViewController.swift in Sources */,
				43722C131D80D6DF0095672A /* NewHotSpotVC.swift in Sources */,
				43722C191D820C010095672A /* DataManager.swift in Sources */,
				432584661DBD27880020BCB7 /* UIColors.swift in Sources */,
				43722C151D80E0740095672A /* LocationManager.swift in Sources */,
				43722BFE1D7F66980095672A /* AppDelegate.swift in Sources */,
				435CDCE01DAD0DC900AD2411 /* roundedCornerMap.swift in Sources */,
				432584641DB0F9400020BCB7 /* reachability.swift in Sources */,
				43C2A1501DDFC2F300CC5A62 /* wifiTableCell.swift in Sources */,
				43722C221D8CCC340095672A /* wifiPin.swift in Sources */,
				43722C101D7F66D80095672A /* HotSpot.swift in Sources */,
			);
			runOnlyForDeploymentPostprocessing = 0;
		};
/* End PBXSourcesBuildPhase section */

/* Begin PBXVariantGroup section */
		43722C011D7F66980095672A /* Main.storyboard */ = {
			isa = PBXVariantGroup;
			children = (
				43722C021D7F66980095672A /* Base */,
			);
			name = Main.storyboard;
			sourceTree = "<group>";
		};
		43722C061D7F66980095672A /* LaunchScreen.storyboard */ = {
			isa = PBXVariantGroup;
			children = (
				43722C071D7F66980095672A /* Base */,
			);
			name = LaunchScreen.storyboard;
			sourceTree = "<group>";
		};
/* End PBXVariantGroup section */

/* Begin XCBuildConfiguration section */
		43722C0A1D7F66980095672A /* Debug */ = {
			isa = XCBuildConfiguration;
			buildSettings = {
				ALWAYS_SEARCH_USER_PATHS = NO;
				CLANG_ANALYZER_NONNULL = YES;
				CLANG_CXX_LANGUAGE_STANDARD = "gnu++0x";
				CLANG_CXX_LIBRARY = "libc++";
				CLANG_ENABLE_MODULES = YES;
				CLANG_ENABLE_OBJC_ARC = YES;
				CLANG_WARN_BOOL_CONVERSION = YES;
				CLANG_WARN_CONSTANT_CONVERSION = YES;
				CLANG_WARN_DIRECT_OBJC_ISA_USAGE = YES_ERROR;
				CLANG_WARN_EMPTY_BODY = YES;
				CLANG_WARN_ENUM_CONVERSION = YES;
				CLANG_WARN_INFINITE_RECURSION = YES;
				CLANG_WARN_INT_CONVERSION = YES;
				CLANG_WARN_OBJC_ROOT_CLASS = YES_ERROR;
				CLANG_WARN_SUSPICIOUS_MOVE = YES;
				CLANG_WARN_UNREACHABLE_CODE = YES;
				CLANG_WARN__DUPLICATE_METHOD_MATCH = YES;
				"CODE_SIGN_IDENTITY[sdk=iphoneos*]" = "iPhone Developer";
				COPY_PHASE_STRIP = NO;
				DEBUG_INFORMATION_FORMAT = dwarf;
				ENABLE_STRICT_OBJC_MSGSEND = YES;
				ENABLE_TESTABILITY = YES;
				GCC_C_LANGUAGE_STANDARD = gnu99;
				GCC_DYNAMIC_NO_PIC = NO;
				GCC_NO_COMMON_BLOCKS = YES;
				GCC_OPTIMIZATION_LEVEL = 0;
				GCC_PREPROCESSOR_DEFINITIONS = (
					"DEBUG=1",
					"$(inherited)",
				);
				GCC_WARN_64_TO_32_BIT_CONVERSION = YES;
				GCC_WARN_ABOUT_RETURN_TYPE = YES_ERROR;
				GCC_WARN_UNDECLARED_SELECTOR = YES;
				GCC_WARN_UNINITIALIZED_AUTOS = YES_AGGRESSIVE;
				GCC_WARN_UNUSED_FUNCTION = YES;
				GCC_WARN_UNUSED_VARIABLE = YES;
				IPHONEOS_DEPLOYMENT_TARGET = 10.0;
				MTL_ENABLE_DEBUG_INFO = YES;
				ONLY_ACTIVE_ARCH = YES;
				SDKROOT = iphoneos;
				SWIFT_OPTIMIZATION_LEVEL = "-Onone";
				TARGETED_DEVICE_FAMILY = "1,2";
			};
			name = Debug;
		};
		43722C0B1D7F66980095672A /* Release */ = {
			isa = XCBuildConfiguration;
			buildSettings = {
				ALWAYS_SEARCH_USER_PATHS = NO;
				CLANG_ANALYZER_NONNULL = YES;
				CLANG_CXX_LANGUAGE_STANDARD = "gnu++0x";
				CLANG_CXX_LIBRARY = "libc++";
				CLANG_ENABLE_MODULES = YES;
				CLANG_ENABLE_OBJC_ARC = YES;
				CLANG_WARN_BOOL_CONVERSION = YES;
				CLANG_WARN_CONSTANT_CONVERSION = YES;
				CLANG_WARN_DIRECT_OBJC_ISA_USAGE = YES_ERROR;
				CLANG_WARN_EMPTY_BODY = YES;
				CLANG_WARN_ENUM_CONVERSION = YES;
				CLANG_WARN_INFINITE_RECURSION = YES;
				CLANG_WARN_INT_CONVERSION = YES;
				CLANG_WARN_OBJC_ROOT_CLASS = YES_ERROR;
				CLANG_WARN_SUSPICIOUS_MOVE = YES;
				CLANG_WARN_UNREACHABLE_CODE = YES;
				CLANG_WARN__DUPLICATE_METHOD_MATCH = YES;
				"CODE_SIGN_IDENTITY[sdk=iphoneos*]" = "iPhone Developer";
				COPY_PHASE_STRIP = NO;
				DEBUG_INFORMATION_FORMAT = "dwarf-with-dsym";
				ENABLE_NS_ASSERTIONS = NO;
				ENABLE_STRICT_OBJC_MSGSEND = YES;
				GCC_C_LANGUAGE_STANDARD = gnu99;
				GCC_NO_COMMON_BLOCKS = YES;
				GCC_WARN_64_TO_32_BIT_CONVERSION = YES;
				GCC_WARN_ABOUT_RETURN_TYPE = YES_ERROR;
				GCC_WARN_UNDECLARED_SELECTOR = YES;
				GCC_WARN_UNINITIALIZED_AUTOS = YES_AGGRESSIVE;
				GCC_WARN_UNUSED_FUNCTION = YES;
				GCC_WARN_UNUSED_VARIABLE = YES;
				IPHONEOS_DEPLOYMENT_TARGET = 10.0;
				MTL_ENABLE_DEBUG_INFO = NO;
				SDKROOT = iphoneos;
				SWIFT_OPTIMIZATION_LEVEL = "-Owholemodule";
				TARGETED_DEVICE_FAMILY = "1,2";
				VALIDATE_PRODUCT = YES;
			};
			name = Release;
		};
		43722C0D1D7F66980095672A /* Debug */ = {
			isa = XCBuildConfiguration;
			baseConfigurationReference = BC68CDA26FF4483C3841A46B /* Pods-HotSpotSpeed.debug.xcconfig */;
			buildSettings = {
				ASSETCATALOG_COMPILER_APPICON_NAME = AppIcon;
				DEVELOPMENT_TEAM = 6L9J2XXKYC;
				INFOPLIST_FILE = HotSpotSpeed/Info.plist;
				LD_RUNPATH_SEARCH_PATHS = "$(inherited) @executable_path/Frameworks";
				PRODUCT_BUNDLE_IDENTIFIER = com.appsbypat.HotSpotSpeed;
				PRODUCT_NAME = "$(TARGET_NAME)";
				SWIFT_VERSION = 2.3;
			};
			name = Debug;
		};
		43722C0E1D7F66980095672A /* Release */ = {
			isa = XCBuildConfiguration;
			baseConfigurationReference = 771AE0734FAD060A1B0FBC46 /* Pods-HotSpotSpeed.release.xcconfig */;
			buildSettings = {
				ASSETCATALOG_COMPILER_APPICON_NAME = AppIcon;
				DEVELOPMENT_TEAM = 6L9J2XXKYC;
				INFOPLIST_FILE = HotSpotSpeed/Info.plist;
				LD_RUNPATH_SEARCH_PATHS = "$(inherited) @executable_path/Frameworks";
				PRODUCT_BUNDLE_IDENTIFIER = com.appsbypat.HotSpotSpeed;
				PRODUCT_NAME = "$(TARGET_NAME)";
				SWIFT_VERSION = 2.3;
			};
			name = Release;
		};
/* End XCBuildConfiguration section */

/* Begin XCConfigurationList section */
		43722BF51D7F66980095672A /* Build configuration list for PBXProject "HotSpotSpeed" */ = {
			isa = XCConfigurationList;
			buildConfigurations = (
				43722C0A1D7F66980095672A /* Debug */,
				43722C0B1D7F66980095672A /* Release */,
			);
			defaultConfigurationIsVisible = 0;
			defaultConfigurationName = Release;
		};
		43722C0C1D7F66980095672A /* Build configuration list for PBXNativeTarget "HotSpotSpeed" */ = {
			isa = XCConfigurationList;
			buildConfigurations = (
				43722C0D1D7F66980095672A /* Debug */,
				43722C0E1D7F66980095672A /* Release */,
			);
			defaultConfigurationIsVisible = 0;
			defaultConfigurationName = Release;
		};
/* End XCConfigurationList section */
	};
	rootObject = 43722BF21D7F66980095672A /* Project object */;
}
